
Microsoft Visual Studio Solution File, Format Version 12.00
# Visual Studio Version 17
VisualStudioVersion = 17.6.33815.320
MinimumVisualStudioVersion = 10.0.40219.1
Project("{FAE04EC0-301F-11D3-BF4B-00C04F79EFBC}") = "PruebaAPIPostgreSQLEF", "PruebaAPIPostgreSQLEF\PruebaAPIPostgreSQLEF.csproj", "{B61822D3-5DE8-4A6B-A329-D0485AC29687}"
EndProject
Global
	GlobalSection(SolutionConfigurationPlatforms) = preSolution
		Debug|Any CPU = Debug|Any CPU
		Release|Any CPU = Release|Any CPU
	EndGlobalSection
	GlobalSection(ProjectConfigurationPlatforms) = postSolution
		{B61822D3-5DE8-4A6B-A329-D0485AC29687}.Debug|Any CPU.ActiveCfg = Debug|Any CPU
		{B61822D3-5DE8-4A6B-A329-D0485AC29687}.Debug|Any CPU.Build.0 = Debug|Any CPU
		{B61822D3-5DE8-4A6B-A329-D0485AC29687}.Release|Any CPU.ActiveCfg = Release|Any CPU
		{B61822D3-5DE8-4A6B-A329-D0485AC29687}.Release|Any CPU.Build.0 = Release|Any CPU
	EndGlobalSection
	GlobalSection(SolutionProperties) = preSolution
		HideSolutionNode = FALSE
	EndGlobalSection
	GlobalSection(ExtensibilityGlobals) = postSolution
		SolutionGuid = {CBA4A1ED-46B3-41DC-A411-B16509D8ECC9}
	EndGlobalSection
EndGlobal
